// !$*UTF8*$!
{
	archiveVersion = 1;
	classes = {
	};
	objectVersion = 55;
	objects = {

/* Begin PBXBuildFile section */
		7C5D192D286AB5450017AC1A /* AnalyticsPageUIApp.swift in Sources */ = {isa = PBXBuildFile; fileRef = 7C5D192C286AB5450017AC1A /* AnalyticsPageUIApp.swift */; };
		7C5D192F286AB5450017AC1A /* ContentView.swift in Sources */ = {isa = PBXBuildFile; fileRef = 7C5D192E286AB5450017AC1A /* ContentView.swift */; };
		7C5D1931286AB5470017AC1A /* Assets.xcassets in Resources */ = {isa = PBXBuildFile; fileRef = 7C5D1930286AB5470017AC1A /* Assets.xcassets */; };
		7C5D1934286AB5470017AC1A /* Preview Assets.xcassets in Resources */ = {isa = PBXBuildFile; fileRef = 7C5D1933286AB5470017AC1A /* Preview Assets.xcassets */; };
		7C5D193E286AB5470017AC1A /* AnalyticsPageUITests.swift in Sources */ = {isa = PBXBuildFile; fileRef = 7C5D193D286AB5470017AC1A /* AnalyticsPageUITests.swift */; };
		7C5D1948286AB5480017AC1A /* AnalyticsPageUIUITests.swift in Sources */ = {isa = PBXBuildFile; fileRef = 7C5D1947286AB5480017AC1A /* AnalyticsPageUIUITests.swift */; };
		7C5D194A286AB5480017AC1A /* AnalyticsPageUIUITestsLaunchTests.swift in Sources */ = {isa = PBXBuildFile; fileRef = 7C5D1949286AB5480017AC1A /* AnalyticsPageUIUITestsLaunchTests.swift */; };
		7C5D195A286AB69B0017AC1A /* Home.swift in Sources */ = {isa = PBXBuildFile; fileRef = 7C5D1959286AB69B0017AC1A /* Home.swift */; };
		7C5D195C286ABD210017AC1A /* LineGraph.swift in Sources */ = {isa = PBXBuildFile; fileRef = 7C5D195B286ABD210017AC1A /* LineGraph.swift */; };
/* End PBXBuildFile section */

/* Begin PBXContainerItemProxy section */
		7C5D193A286AB5470017AC1A /* PBXContainerItemProxy */ = {
			isa = PBXContainerItemProxy;
			containerPortal = 7C5D1921286AB5450017AC1A /* Project object */;
			proxyType = 1;
			remoteGlobalIDString = 7C5D1928286AB5450017AC1A;
			remoteInfo = AnalyticsPageUI;
		};
		7C5D1944286AB5470017AC1A /* PBXContainerItemProxy */ = {
			isa = PBXContainerItemProxy;
			containerPortal = 7C5D1921286AB5450017AC1A /* Project object */;
			proxyType = 1;
			remoteGlobalIDString = 7C5D1928286AB5450017AC1A;
			remoteInfo = AnalyticsPageUI;
		};
/* End PBXContainerItemProxy section */

/* Begin PBXFileReference section */
		7C5D1929286AB5450017AC1A /* AnalyticsPageUI.app */ = {isa = PBXFileReference; explicitFileType = wrapper.application; includeInIndex = 0; path = AnalyticsPageUI.app; sourceTree = BUILT_PRODUCTS_DIR; };
		7C5D192C286AB5450017AC1A /* AnalyticsPageUIApp.swift */ = {isa = PBXFileReference; lastKnownFileType = sourcecode.swift; path = AnalyticsPageUIApp.swift; sourceTree = "<group>"; };
		7C5D192E286AB5450017AC1A /* ContentView.swift */ = {isa = PBXFileReference; lastKnownFileType = sourcecode.swift; path = ContentView.swift; sourceTree = "<group>"; };
		7C5D1930286AB5470017AC1A /* Assets.xcassets */ = {isa = PBXFileReference; lastKnownFileType = folder.assetcatalog; path = Assets.xcassets; sourceTree = "<group>"; };
		7C5D1933286AB5470017AC1A /* Preview Assets.xcassets */ = {isa = PBXFileReference; lastKnownFileType = folder.assetcatalog; path = "Preview Assets.xcassets"; sourceTree = "<group>"; };
		7C5D1939286AB5470017AC1A /* AnalyticsPageUITests.xctest */ = {isa = PBXFileReference; explicitFileType = wrapper.cfbundle; includeInIndex = 0; path = AnalyticsPageUITests.xctest; sourceTree = BUILT_PRODUCTS_DIR; };
		7C5D193D286AB5470017AC1A /* AnalyticsPageUITests.swift */ = {isa = PBXFileReference; lastKnownFileType = sourcecode.swift; path = AnalyticsPageUITests.swift; sourceTree = "<group>"; };
		7C5D1943286AB5470017AC1A /* AnalyticsPageUIUITests.xctest */ = {isa = PBXFileReference; explicitFileType = wrapper.cfbundle; includeInIndex = 0; path = AnalyticsPageUIUITests.xctest; sourceTree = BUILT_PRODUCTS_DIR; };
		7C5D1947286AB5480017AC1A /* AnalyticsPageUIUITests.swift */ = {isa = PBXFileReference; lastKnownFileType = sourcecode.swift; path = AnalyticsPageUIUITests.swift; sourceTree = "<group>"; };
		7C5D1949286AB5480017AC1A /* AnalyticsPageUIUITestsLaunchTests.swift */ = {isa = PBXFileReference; lastKnownFileType = sourcecode.swift; path = AnalyticsPageUIUITestsLaunchTests.swift; sourceTree = "<group>"; };
		7C5D1959286AB69B0017AC1A /* Home.swift */ = {isa = PBXFileReference; lastKnownFileType = sourcecode.swift; path = Home.swift; sourceTree = "<group>"; };
		7C5D195B286ABD210017AC1A /* LineGraph.swift */ = {isa = PBXFileReference; lastKnownFileType = sourcecode.swift; path = LineGraph.swift; sourceTree = "<group>"; };
/* End PBXFileReference section */

/* Begin PBXFrameworksBuildPhase section */
		7C5D1926286AB5450017AC1A /* Frameworks */ = {
			isa = PBXFrameworksBuildPhase;
			buildActionMask = 2147483647;
			files = (
			);
			runOnlyForDeploymentPostprocessing = 0;
		};
		7C5D1936286AB5470017AC1A /* Frameworks */ = {
			isa = PBXFrameworksBuildPhase;
			buildActionMask = 2147483647;
			files = (
			);
			runOnlyForDeploymentPostprocessing = 0;
		};
		7C5D1940286AB5470017AC1A /* Frameworks */ = {
			isa = PBXFrameworksBuildPhase;
			buildActionMask = 2147483647;
			files = (
			);
			runOnlyForDeploymentPostprocessing = 0;
		};
/* End PBXFrameworksBuildPhase section */

/* Begin PBXGroup section */
		7C5D1920286AB5450017AC1A = {
			isa = PBXGroup;
			children = (
				7C5D192B286AB5450017AC1A /* AnalyticsPageUI */,
				7C5D193C286AB5470017AC1A /* AnalyticsPageUITests */,
				7C5D1946286AB5470017AC1A /* AnalyticsPageUIUITests */,
				7C5D192A286AB5450017AC1A /* Products */,
			);
			sourceTree = "<group>";
		};
		7C5D192A286AB5450017AC1A /* Products */ = {
			isa = PBXGroup;
			children = (
				7C5D1929286AB5450017AC1A /* AnalyticsPageUI.app */,
				7C5D1939286AB5470017AC1A /* AnalyticsPageUITests.xctest */,
				7C5D1943286AB5470017AC1A /* AnalyticsPageUIUITests.xctest */,
			);
			name = Products;
			sourceTree = "<group>";
		};
		7C5D192B286AB5450017AC1A /* AnalyticsPageUI */ = {
			isa = PBXGroup;
			children = (
				7C5D1958286AB6840017AC1A /* ViewModel */,
				7C5D1956286AB67A0017AC1A /* Model */,
				7C5D1957286AB6800017AC1A /* View */,
				7C5D192C286AB5450017AC1A /* AnalyticsPageUIApp.swift */,
				7C5D192E286AB5450017AC1A /* ContentView.swift */,
				7C5D1930286AB5470017AC1A /* Assets.xcassets */,
				7C5D1932286AB5470017AC1A /* Preview Content */,
			);
			path = AnalyticsPageUI;
			sourceTree = "<group>";
		};
		7C5D1932286AB5470017AC1A /* Preview Content */ = {
			isa = PBXGroup;
			children = (
				7C5D1933286AB5470017AC1A /* Preview Assets.xcassets */,
			);
			path = "Preview Content";
			sourceTree = "<group>";
		};
		7C5D193C286AB5470017AC1A /* AnalyticsPageUITests */ = {
			isa = PBXGroup;
			children = (
				7C5D193D286AB5470017AC1A /* AnalyticsPageUITests.swift */,
			);
			path = AnalyticsPageUITests;
			sourceTree = "<group>";
		};
		7C5D1946286AB5470017AC1A /* AnalyticsPageUIUITests */ = {
			isa = PBXGroup;
			children = (
				7C5D1947286AB5480017AC1A /* AnalyticsPageUIUITests.swift */,
				7C5D1949286AB5480017AC1A /* AnalyticsPageUIUITestsLaunchTests.swift */,
			);
			path = AnalyticsPageUIUITests;
			sourceTree = "<group>";
		};
		7C5D1956286AB67A0017AC1A /* Model */ = {
			isa = PBXGroup;
			children = (
			);
			path = Model;
			sourceTree = "<group>";
		};
		7C5D1957286AB6800017AC1A /* View */ = {
			isa = PBXGroup;
			children = (
				7C5D1959286AB69B0017AC1A /* Home.swift */,
				7C5D195B286ABD210017AC1A /* LineGraph.swift */,
			);
			path = View;
			sourceTree = "<group>";
		};
		7C5D1958286AB6840017AC1A /* ViewModel */ = {
			isa = PBXGroup;
			children = (
			);
			path = ViewModel;
			sourceTree = "<group>";
		};
/* End PBXGroup section */

/* Begin PBXNativeTarget section */
		7C5D1928286AB5450017AC1A /* AnalyticsPageUI */ = {
			isa = PBXNativeTarget;
			buildConfigurationList = 7C5D194D286AB5480017AC1A /* Build configuration list for PBXNativeTarget "AnalyticsPageUI" */;
			buildPhases = (
				7C5D1925286AB5450017AC1A /* Sources */,
				7C5D1926286AB5450017AC1A /* Frameworks */,
				7C5D1927286AB5450017AC1A /* Resources */,
			);
			buildRules = (
			);
			dependencies = (
			);
			name = AnalyticsPageUI;
			productName = AnalyticsPageUI;
			productReference = 7C5D1929286AB5450017AC1A /* AnalyticsPageUI.app */;
			productType = "com.apple.product-type.application";
		};
		7C5D1938286AB5470017AC1A /* AnalyticsPageUITests */ = {
			isa = PBXNativeTarget;
			buildConfigurationList = 7C5D1950286AB5480017AC1A /* Build configuration list for PBXNativeTarget "AnalyticsPageUITests" */;
			buildPhases = (
				7C5D1935286AB5470017AC1A /* Sources */,
				7C5D1936286AB5470017AC1A /* Frameworks */,
				7C5D1937286AB5470017AC1A /* Resources */,
			);
			buildRules = (
			);
			dependencies = (
				7C5D193B286AB5470017AC1A /* PBXTargetDependency */,
			);
			name = AnalyticsPageUITests;
			productName = AnalyticsPageUITests;
			productReference = 7C5D1939286AB5470017AC1A /* AnalyticsPageUITests.xctest */;
			productType = "com.apple.product-type.bundle.unit-test";
		};
		7C5D1942286AB5470017AC1A /* AnalyticsPageUIUITests */ = {
			isa = PBXNativeTarget;
			buildConfigurationList = 7C5D1953286AB5480017AC1A /* Build configuration list for PBXNativeTarget "AnalyticsPageUIUITests" */;
			buildPhases = (
				7C5D193F286AB5470017AC1A /* Sources */,
				7C5D1940286AB5470017AC1A /* Frameworks */,
				7C5D1941286AB5470017AC1A /* Resources */,
			);
			buildRules = (
			);
			dependencies = (
				7C5D1945286AB5470017AC1A /* PBXTargetDependency */,
			);
			name = AnalyticsPageUIUITests;
			productName = AnalyticsPageUIUITests;
			productReference = 7C5D1943286AB5470017AC1A /* AnalyticsPageUIUITests.xctest */;
			productType = "com.apple.product-type.bundle.ui-testing";
		};
/* End PBXNativeTarget section */

/* Begin PBXProject section */
		7C5D1921286AB5450017AC1A /* Project object */ = {
			isa = PBXProject;
			attributes = {
				BuildIndependentTargetsInParallel = 1;
				LastSwiftUpdateCheck = 1340;
				LastUpgradeCheck = 1340;
				TargetAttributes = {
					7C5D1928286AB5450017AC1A = {
						CreatedOnToolsVersion = 13.4.1;
					};
					7C5D1938286AB5470017AC1A = {
						CreatedOnToolsVersion = 13.4.1;
						TestTargetID = 7C5D1928286AB5450017AC1A;
					};
					7C5D1942286AB5470017AC1A = {
						CreatedOnToolsVersion = 13.4.1;
						TestTargetID = 7C5D1928286AB5450017AC1A;
					};
				};
			};
			buildConfigurationList = 7C5D1924286AB5450017AC1A /* Build configuration list for PBXProject "AnalyticsPageUI" */;
			compatibilityVersion = "Xcode 13.0";
			developmentRegion = en;
			hasScannedForEncodings = 0;
			knownRegions = (
				en,
				Base,
			);
			mainGroup = 7C5D1920286AB5450017AC1A;
			productRefGroup = 7C5D192A286AB5450017AC1A /* Products */;
			projectDirPath = "";
			projectRoot = "";
			targets = (
				7C5D1928286AB5450017AC1A /* AnalyticsPageUI */,
				7C5D1938286AB5470017AC1A /* AnalyticsPageUITests */,
				7C5D1942286AB5470017AC1A /* AnalyticsPageUIUITests */,
			);
		};
/* End PBXProject section */

/* Begin PBXResourcesBuildPhase section */
		7C5D1927286AB5450017AC1A /* Resources */ = {
			isa = PBXResourcesBuildPhase;
			buildActionMask = 2147483647;
			files = (
				7C5D1934286AB5470017AC1A /* Preview Assets.xcassets in Resources */,
				7C5D1931286AB5470017AC1A /* Assets.xcassets in Resources */,
			);
			runOnlyForDeploymentPostprocessing = 0;
		};
		7C5D1937286AB5470017AC1A /* Resources */ = {
			isa = PBXResourcesBuildPhase;
			buildActionMask = 2147483647;
			files = (
			);
			runOnlyForDeploymentPostprocessing = 0;
		};
		7C5D1941286AB5470017AC1A /* Resources */ = {
			isa = PBXResourcesBuildPhase;
			buildActionMask = 2147483647;
			files = (
			);
			runOnlyForDeploymentPostprocessing = 0;
		};
/* End PBXResourcesBuildPhase section */

/* Begin PBXSourcesBuildPhase section */
		7C5D1925286AB5450017AC1A /* Sources */ = {
			isa = PBXSourcesBuildPhase;
			buildActionMask = 2147483647;
			files = (
				7C5D195C286ABD210017AC1A /* LineGraph.swift in Sources */,
				7C5D192F286AB5450017AC1A /* ContentView.swift in Sources */,
				7C5D195A286AB69B0017AC1A /* Home.swift in Sources */,
				7C5D192D286AB5450017AC1A /* AnalyticsPageUIApp.swift in Sources */,
			);
			runOnlyForDeploymentPostprocessing = 0;
		};
		7C5D1935286AB5470017AC1A /* Sources */ = {
			isa = PBXSourcesBuildPhase;
			buildActionMask = 2147483647;
			files = (
				7C5D193E286AB5470017AC1A /* AnalyticsPageUITests.swift in Sources */,
			);
			runOnlyForDeploymentPostprocessing = 0;
		};
		7C5D193F286AB5470017AC1A /* Sources */ = {
			isa = PBXSourcesBuildPhase;
			buildActionMask = 2147483647;
			files = (
				7C5D194A286AB5480017AC1A /* AnalyticsPageUIUITestsLaunchTests.swift in Sources */,
				7C5D1948286AB5480017AC1A /* AnalyticsPageUIUITests.swift in Sources */,
			);
			runOnlyForDeploymentPostprocessing = 0;
		};
/* End PBXSourcesBuildPhase section */

/* Begin PBXTargetDependency section */
		7C5D193B286AB5470017AC1A /* PBXTargetDependency */ = {
			isa = PBXTargetDependency;
			target = 7C5D1928286AB5450017AC1A /* AnalyticsPageUI */;
			targetProxy = 7C5D193A286AB5470017AC1A /* PBXContainerItemProxy */;
		};
		7C5D1945286AB5470017AC1A /* PBXTargetDependency */ = {
			isa = PBXTargetDependency;
			target = 7C5D1928286AB5450017AC1A /* AnalyticsPageUI */;
			targetProxy = 7C5D1944286AB5470017AC1A /* PBXContainerItemProxy */;
		};
/* End PBXTargetDependency section */

/* Begin XCBuildConfiguration section */
		7C5D194B286AB5480017AC1A /* Debug */ = {
			isa = XCBuildConfiguration;
			buildSettings = {
				ALWAYS_SEARCH_USER_PATHS = NO;
				CLANG_ANALYZER_NONNULL = YES;
				CLANG_ANALYZER_NUMBER_OBJECT_CONVERSION = YES_AGGRESSIVE;
				CLANG_CXX_LANGUAGE_STANDARD = "gnu++17";
				CLANG_ENABLE_MODULES = YES;
				CLANG_ENABLE_OBJC_ARC = YES;
				CLANG_ENABLE_OBJC_WEAK = YES;
				CLANG_WARN_BLOCK_CAPTURE_AUTORELEASING = YES;
				CLANG_WARN_BOOL_CONVERSION = YES;
				CLANG_WARN_COMMA = YES;
				CLANG_WARN_CONSTANT_CONVERSION = YES;
				CLANG_WARN_DEPRECATED_OBJC_IMPLEMENTATIONS = YES;
				CLANG_WARN_DIRECT_OBJC_ISA_USAGE = YES_ERROR;
				CLANG_WARN_DOCUMENTATION_COMMENTS = YES;
				CLANG_WARN_EMPTY_BODY = YES;
				CLANG_WARN_ENUM_CONVERSION = YES;
				CLANG_WARN_INFINITE_RECURSION = YES;
				CLANG_WARN_INT_CONVERSION = YES;
				CLANG_WARN_NON_LITERAL_NULL_CONVERSION = YES;
				CLANG_WARN_OBJC_IMPLICIT_RETAIN_SELF = YES;
				CLANG_WARN_OBJC_LITERAL_CONVERSION = YES;
				CLANG_WARN_OBJC_ROOT_CLASS = YES_ERROR;
				CLANG_WARN_QUOTED_INCLUDE_IN_FRAMEWORK_HEADER = YES;
				CLANG_WARN_RANGE_LOOP_ANALYSIS = YES;
				CLANG_WARN_STRICT_PROTOTYPES = YES;
				CLANG_WARN_SUSPICIOUS_MOVE = YES;
				CLANG_WARN_UNGUARDED_AVAILABILITY = YES_AGGRESSIVE;
				CLANG_WARN_UNREACHABLE_CODE = YES;
				CLANG_WARN__DUPLICATE_METHOD_MATCH = YES;
				COPY_PHASE_STRIP = NO;
				DEBUG_INFORMATION_FORMAT = dwarf;
				ENABLE_STRICT_OBJC_MSGSEND = YES;
				ENABLE_TESTABILITY = YES;
				GCC_C_LANGUAGE_STANDARD = gnu11;
				GCC_DYNAMIC_NO_PIC = NO;
				GCC_NO_COMMON_BLOCKS = YES;
				GCC_OPTIMIZATION_LEVEL = 0;
				GCC_PREPROCESSOR_DEFINITIONS = (
					"DEBUG=1",
					"$(inherited)",
				);
				GCC_WARN_64_TO_32_BIT_CONVERSION = YES;
				GCC_WARN_ABOUT_RETURN_TYPE = YES_ERROR;
				GCC_WARN_UNDECLARED_SELECTOR = YES;
				GCC_WARN_UNINITIALIZED_AUTOS = YES_AGGRESSIVE;
				GCC_WARN_UNUSED_FUNCTION = YES;
				GCC_WARN_UNUSED_VARIABLE = YES;
				IPHONEOS_DEPLOYMENT_TARGET = 15.5;
				MTL_ENABLE_DEBUG_INFO = INCLUDE_SOURCE;
				MTL_FAST_MATH = YES;
				ONLY_ACTIVE_ARCH = YES;
				SDKROOT = iphoneos;
				SWIFT_ACTIVE_COMPILATION_CONDITIONS = DEBUG;
				SWIFT_OPTIMIZATION_LEVEL = "-Onone";
			};
			name = Debug;
		};
		7C5D194C286AB5480017AC1A /* Release */ = {
			isa = XCBuildConfiguration;
			buildSettings = {
				ALWAYS_SEARCH_USER_PATHS = NO;
				CLANG_ANALYZER_NONNULL = YES;
				CLANG_ANALYZER_NUMBER_OBJECT_CONVERSION = YES_AGGRESSIVE;
				CLANG_CXX_LANGUAGE_STANDARD = "gnu++17";
				CLANG_ENABLE_MODULES = YES;
				CLANG_ENABLE_OBJC_ARC = YES;
				CLANG_ENABLE_OBJC_WEAK = YES;
				CLANG_WARN_BLOCK_CAPTURE_AUTORELEASING = YES;
				CLANG_WARN_BOOL_CONVERSION = YES;
				CLANG_WARN_COMMA = YES;
				CLANG_WARN_CONSTANT_CONVERSION = YES;
				CLANG_WARN_DEPRECATED_OBJC_IMPLEMENTATIONS = YES;
				CLANG_WARN_DIRECT_OBJC_ISA_USAGE = YES_ERROR;
				CLANG_WARN_DOCUMENTATION_COMMENTS = YES;
				CLANG_WARN_EMPTY_BODY = YES;
				CLANG_WARN_ENUM_CONVERSION = YES;
				CLANG_WARN_INFINITE_RECURSION = YES;
				CLANG_WARN_INT_CONVERSION = YES;
				CLANG_WARN_NON_LITERAL_NULL_CONVERSION = YES;
				CLANG_WARN_OBJC_IMPLICIT_RETAIN_SELF = YES;
				CLANG_WARN_OBJC_LITERAL_CONVERSION = YES;
				CLANG_WARN_OBJC_ROOT_CLASS = YES_ERROR;
				CLANG_WARN_QUOTED_INCLUDE_IN_FRAMEWORK_HEADER = YES;
				CLANG_WARN_RANGE_LOOP_ANALYSIS = YES;
				CLANG_WARN_STRICT_PROTOTYPES = YES;
				CLANG_WARN_SUSPICIOUS_MOVE = YES;
				CLANG_WARN_UNGUARDED_AVAILABILITY = YES_AGGRESSIVE;
				CLANG_WARN_UNREACHABLE_CODE = YES;
				CLANG_WARN__DUPLICATE_METHOD_MATCH = YES;
				COPY_PHASE_STRIP = NO;
				DEBUG_INFORMATION_FORMAT = "dwarf-with-dsym";
				ENABLE_NS_ASSERTIONS = NO;
				ENABLE_STRICT_OBJC_MSGSEND = YES;
				GCC_C_LANGUAGE_STANDARD = gnu11;
				GCC_NO_COMMON_BLOCKS = YES;
				GCC_WARN_64_TO_32_BIT_CONVERSION = YES;
				GCC_WARN_ABOUT_RETURN_TYPE = YES_ERROR;
				GCC_WARN_UNDECLARED_SELECTOR = YES;
				GCC_WARN_UNINITIALIZED_AUTOS = YES_AGGRESSIVE;
				GCC_WARN_UNUSED_FUNCTION = YES;
				GCC_WARN_UNUSED_VARIABLE = YES;
				IPHONEOS_DEPLOYMENT_TARGET = 15.5;
				MTL_ENABLE_DEBUG_INFO = NO;
				MTL_FAST_MATH = YES;
				SDKROOT = iphoneos;
				SWIFT_COMPILATION_MODE = wholemodule;
				SWIFT_OPTIMIZATION_LEVEL = "-O";
				VALIDATE_PRODUCT = YES;
			};
			name = Release;
		};
		7C5D194E286AB5480017AC1A /* Debug */ = {
			isa = XCBuildConfiguration;
			buildSettings = {
				ASSETCATALOG_COMPILER_APPICON_NAME = AppIcon;
				ASSETCATALOG_COMPILER_GLOBAL_ACCENT_COLOR_NAME = AccentColor;
				CODE_SIGN_STYLE = Automatic;
				CURRENT_PROJECT_VERSION = 1;
				DEVELOPMENT_ASSET_PATHS = "\"AnalyticsPageUI/Preview Content\"";
				ENABLE_PREVIEWS = YES;
				GENERATE_INFOPLIST_FILE = YES;
				INFOPLIST_KEY_UIApplicationSceneManifest_Generation = YES;
				INFOPLIST_KEY_UIApplicationSupportsIndirectInputEvents = YES;
				INFOPLIST_KEY_UILaunchScreen_Generation = YES;
				INFOPLIST_KEY_UISupportedInterfaceOrientations_iPad = "UIInterfaceOrientationPortrait UIInterfaceOrientationPortraitUpsideDown UIInterfaceOrientationLandscapeLeft UIInterfaceOrientationLandscapeRight";
				INFOPLIST_KEY_UISupportedInterfaceOrientations_iPhone = "UIInterfaceOrientationPortrait UIInterfaceOrientationLandscapeLeft UIInterfaceOrientationLandscapeRight";
				LD_RUNPATH_SEARCH_PATHS = (
					"$(inherited)",
					"@executable_path/Frameworks",
				);
				MARKETING_VERSION = 1.0;
				PRODUCT_BUNDLE_IDENTIFIER = "https---icdevelopers.web.app.AnalyticsPageUI";
				PRODUCT_NAME = "$(TARGET_NAME)";
				SWIFT_EMIT_LOC_STRINGS = YES;
				SWIFT_VERSION = 5.0;
				TARGETED_DEVICE_FAMILY = "1,2";
			};
			name = Debug;
		};
		7C5D194F286AB5480017AC1A /* Release */ = {
			isa = XCBuildConfiguration;
			buildSettings = {
				ASSETCATALOG_COMPILER_APPICON_NAME = AppIcon;
				ASSETCATALOG_COMPILER_GLOBAL_ACCENT_COLOR_NAME = AccentColor;
				CODE_SIGN_STYLE = Automatic;
				CURRENT_PROJECT_VERSION = 1;
				DEVELOPMENT_ASSET_PATHS = "\"AnalyticsPageUI/Preview Content\"";
				ENABLE_PREVIEWS = YES;
				GENERATE_INFOPLIST_FILE = YES;
				INFOPLIST_KEY_UIApplicationSceneManifest_Generation = YES;
				INFOPLIST_KEY_UIApplicationSupportsIndirectInputEvents = YES;
				INFOPLIST_KEY_UILaunchScreen_Generation = YES;
				INFOPLIST_KEY_UISupportedInterfaceOrientations_iPad = "UIInterfaceOrientationPortrait UIInterfaceOrientationPortraitUpsideDown UIInterfaceOrientationLandscapeLeft UIInterfaceOrientationLandscapeRight";
				INFOPLIST_KEY_UISupportedInterfaceOrientations_iPhone = "UIInterfaceOrientationPortrait UIInterfaceOrientationLandscapeLeft UIInterfaceOrientationLandscapeRight";
				LD_RUNPATH_SEARCH_PATHS = (
					"$(inherited)",
					"@executable_path/Frameworks",
				);
				MARKETING_VERSION = 1.0;
				PRODUCT_BUNDLE_IDENTIFIER = "https---icdevelopers.web.app.AnalyticsPageUI";
				PRODUCT_NAME = "$(TARGET_NAME)";
				SWIFT_EMIT_LOC_STRINGS = YES;
				SWIFT_VERSION = 5.0;
				TARGETED_DEVICE_FAMILY = "1,2";
			};
			name = Release;
		};
		7C5D1951286AB5480017AC1A /* Debug */ = {
			isa = XCBuildConfiguration;
			buildSettings = {
				ALWAYS_EMBED_SWIFT_STANDARD_LIBRARIES = YES;
				BUNDLE_LOADER = "$(TEST_HOST)";
				CODE_SIGN_STYLE = Automatic;
				CURRENT_PROJECT_VERSION = 1;
				GENERATE_INFOPLIST_FILE = YES;
				IPHONEOS_DEPLOYMENT_TARGET = 15.5;
				MARKETING_VERSION = 1.0;
				PRODUCT_BUNDLE_IDENTIFIER = "https---icdevelopers.web.app.AnalyticsPageUITests";
				PRODUCT_NAME = "$(TARGET_NAME)";
				SWIFT_EMIT_LOC_STRINGS = NO;
				SWIFT_VERSION = 5.0;
				TARGETED_DEVICE_FAMILY = "1,2";
				TEST_HOST = "$(BUILT_PRODUCTS_DIR)/AnalyticsPageUI.app/AnalyticsPageUI";
			};
			name = Debug;
		};
		7C5D1952286AB5480017AC1A /* Release */ = {
			isa = XCBuildConfiguration;
			buildSettings = {
				ALWAYS_EMBED_SWIFT_STANDARD_LIBRARIES = YES;
				BUNDLE_LOADER = "$(TEST_HOST)";
				CODE_SIGN_STYLE = Automatic;
				CURRENT_PROJECT_VERSION = 1;
				GENERATE_INFOPLIST_FILE = YES;
				IPHONEOS_DEPLOYMENT_TARGET = 15.5;
				MARKETING_VERSION = 1.0;
				PRODUCT_BUNDLE_IDENTIFIER = "https---icdevelopers.web.app.AnalyticsPageUITests";
				PRODUCT_NAME = "$(TARGET_NAME)";
				SWIFT_EMIT_LOC_STRINGS = NO;
				SWIFT_VERSION = 5.0;
				TARGETED_DEVICE_FAMILY = "1,2";
				TEST_HOST = "$(BUILT_PRODUCTS_DIR)/AnalyticsPageUI.app/AnalyticsPageUI";
			};
			name = Release;
		};
		7C5D1954286AB5480017AC1A /* Debug */ = {
			isa = XCBuildConfiguration;
			buildSettings = {
				ALWAYS_EMBED_SWIFT_STANDARD_LIBRARIES = YES;
				CODE_SIGN_STYLE = Automatic;
				CURRENT_PROJECT_VERSION = 1;
				GENERATE_INFOPLIST_FILE = YES;
				MARKETING_VERSION = 1.0;
				PRODUCT_BUNDLE_IDENTIFIER = "https---icdevelopers.web.app.AnalyticsPageUIUITests";
				PRODUCT_NAME = "$(TARGET_NAME)";
				SWIFT_EMIT_LOC_STRINGS = NO;
				SWIFT_VERSION = 5.0;
				TARGETED_DEVICE_FAMILY = "1,2";
				TEST_TARGET_NAME = AnalyticsPageUI;
			};
			name = Debug;
		};
		7C5D1955286AB5480017AC1A /* Release */ = {
			isa = XCBuildConfiguration;
			buildSettings = {
				ALWAYS_EMBED_SWIFT_STANDARD_LIBRARIES = YES;
				CODE_SIGN_STYLE = Automatic;
				CURRENT_PROJECT_VERSION = 1;
				GENERATE_INFOPLIST_FILE = YES;
				MARKETING_VERSION = 1.0;
				PRODUCT_BUNDLE_IDENTIFIER = "https---icdevelopers.web.app.AnalyticsPageUIUITests";
				PRODUCT_NAME = "$(TARGET_NAME)";
				SWIFT_EMIT_LOC_STRINGS = NO;
				SWIFT_VERSION = 5.0;
				TARGETED_DEVICE_FAMILY = "1,2";
				TEST_TARGET_NAME = AnalyticsPageUI;
			};
			name = Release;
		};
/* End XCBuildConfiguration section */

/* Begin XCConfigurationList section */
		7C5D1924286AB5450017AC1A /* Build configuration list for PBXProject "AnalyticsPageUI" */ = {
			isa = XCConfigurationList;
			buildConfigurations = (
				7C5D194B286AB5480017AC1A /* Debug */,
				7C5D194C286AB5480017AC1A /* Release */,
			);
			defaultConfigurationIsVisible = 0;
			defaultConfigurationName = Release;
		};
		7C5D194D286AB5480017AC1A /* Build configuration list for PBXNativeTarget "AnalyticsPageUI" */ = {
			isa = XCConfigurationList;
			buildConfigurations = (
				7C5D194E286AB5480017AC1A /* Debug */,
				7C5D194F286AB5480017AC1A /* Release */,
			);
			defaultConfigurationIsVisible = 0;
			defaultConfigurationName = Release;
		};
		7C5D1950286AB5480017AC1A /* Build configuration list for PBXNativeTarget "AnalyticsPageUITests" */ = {
			isa = XCConfigurationList;
			buildConfigurations = (
				7C5D1951286AB5480017AC1A /* Debug */,
				7C5D1952286AB5480017AC1A /* Release */,
			);
			defaultConfigurationIsVisible = 0;
			defaultConfigurationName = Release;
		};
		7C5D1953286AB5480017AC1A /* Build configuration list for PBXNativeTarget "AnalyticsPageUIUITests" */ = {
			isa = XCConfigurationList;
			buildConfigurations = (
				7C5D1954286AB5480017AC1A /* Debug */,
				7C5D1955286AB5480017AC1A /* Release */,
			);
			defaultConfigurationIsVisible = 0;
			defaultConfigurationName = Release;
		};
/* End XCConfigurationList section */
	};
	rootObject = 7C5D1921286AB5450017AC1A /* Project object */;
}
